
Microsoft Visual Studio Solution File, Format Version 12.00
# Visual Studio 2013
VisualStudioVersion = 12.0.21005.1
MinimumVisualStudioVersion = 10.0.40219.1
Project("{CC5FD16D-436D-48AD-A40C-5A424C6E3E79}") = "ZeroDownTimeDeploymentSample1", "ZeroDownTimeDeploymentSample1\ZeroDownTimeDeploymentSample1.ccproj", "{A2E19911-D864-4A85-91DF-9BAD70604910}"
EndProject
Project("{FAE04EC0-301F-11D3-BF4B-00C04F79EFBC}") = "Zdd.WebApi", "WebRole1\Zdd.WebApi.csproj", "{059995BE-7537-4E7A-8BFE-98E0280B2669}"
EndProject
Project("{00D1A9C2-B5F0-4AF3-8072-F6C62B433612}") = "Zdd.Database", "Zdd.Database\Zdd.Database.sqlproj", "{002975C5-2FC1-43A7-9BE1-80697B1355CF}"
EndProject
Global
	GlobalSection(SolutionConfigurationPlatforms) = preSolution
		Debug|Any CPU = Debug|Any CPU
		Release|Any CPU = Release|Any CPU
	EndGlobalSection
	GlobalSection(ProjectConfigurationPlatforms) = postSolution
		{A2E19911-D864-4A85-91DF-9BAD70604910}.Debug|Any CPU.ActiveCfg = Debug|Any CPU
		{A2E19911-D864-4A85-91DF-9BAD70604910}.Debug|Any CPU.Build.0 = Debug|Any CPU
		{A2E19911-D864-4A85-91DF-9BAD70604910}.Release|Any CPU.ActiveCfg = Release|Any CPU
		{A2E19911-D864-4A85-91DF-9BAD70604910}.Release|Any CPU.Build.0 = Release|Any CPU
		{059995BE-7537-4E7A-8BFE-98E0280B2669}.Debug|Any CPU.ActiveCfg = Debug|Any CPU
		{059995BE-7537-4E7A-8BFE-98E0280B2669}.Debug|Any CPU.Build.0 = Debug|Any CPU
		{059995BE-7537-4E7A-8BFE-98E0280B2669}.Release|Any CPU.ActiveCfg = Release|Any CPU
		{059995BE-7537-4E7A-8BFE-98E0280B2669}.Release|Any CPU.Build.0 = Release|Any CPU
		{002975C5-2FC1-43A7-9BE1-80697B1355CF}.Debug|Any CPU.ActiveCfg = Debug|Any CPU
		{002975C5-2FC1-43A7-9BE1-80697B1355CF}.Debug|Any CPU.Build.0 = Debug|Any CPU
		{002975C5-2FC1-43A7-9BE1-80697B1355CF}.Debug|Any CPU.Deploy.0 = Debug|Any CPU
		{002975C5-2FC1-43A7-9BE1-80697B1355CF}.Release|Any CPU.ActiveCfg = Release|Any CPU
		{002975C5-2FC1-43A7-9BE1-80697B1355CF}.Release|Any CPU.Build.0 = Release|Any CPU
		{002975C5-2FC1-43A7-9BE1-80697B1355CF}.Release|Any CPU.Deploy.0 = Release|Any CPU
	EndGlobalSection
	GlobalSection(SolutionProperties) = preSolution
		HideSolutionNode = FALSE
	EndGlobalSection
EndGlobal
